
Microsoft Visual Studio Solution File, Format Version 12.00
# Visual Studio Version 17
VisualStudioVersion = 17.4.33110.190
MinimumVisualStudioVersion = 10.0.40219.1
Project("{FAE04EC0-301F-11D3-BF4B-00C04F79EFBC}") = "qnn1", "qnn1\qnn1.csproj", "{B646E889-0354-4EA1-A1F0-8E4EAB163FB0}"
EndProject
Global
	GlobalSection(SolutionConfigurationPlatforms) = preSolution
		Debug|Any CPU = Debug|Any CPU
		Release|Any CPU = Release|Any CPU
	EndGlobalSection
	GlobalSection(ProjectConfigurationPlatforms) = postSolution
		{B646E889-0354-4EA1-A1F0-8E4EAB163FB0}.Debug|Any CPU.ActiveCfg = Debug|Any CPU
		{B646E889-0354-4EA1-A1F0-8E4EAB163FB0}.Debug|Any CPU.Build.0 = Debug|Any CPU
		{B646E889-0354-4EA1-A1F0-8E4EAB163FB0}.Release|Any CPU.ActiveCfg = Release|Any CPU
		{B646E889-0354-4EA1-A1F0-8E4EAB163FB0}.Release|Any CPU.Build.0 = Release|Any CPU
	EndGlobalSection
	GlobalSection(SolutionProperties) = preSolution
		HideSolutionNode = FALSE
	EndGlobalSection
	GlobalSection(ExtensibilityGlobals) = postSolution
		SolutionGuid = {20C3175E-880A-4DDF-8FA6-F1D97C7843B2}
	EndGlobalSection
EndGlobal
